// !$*UTF8*$!
{
	archiveVersion = 1;
	classes = {
	};
	objectVersion = 56;
	objects = {

/* Begin PBXBuildFile section */
		27B8D75C0A0E0592BCA7C6EE /* Pods_taurus.framework in Frameworks */ = {isa = PBXBuildFile; fileRef = 53238E7ED3D712AA25FABC61 /* Pods_taurus.framework */; };
		C06D13822BC47BFE00506A9B /* FirebaseAnalytics in Frameworks */ = {isa = PBXBuildFile; productRef = C06D13812BC47BFE00506A9B /* FirebaseAnalytics */; };
		C06D13842BC47BFE00506A9B /* FirebaseAnalyticsOnDeviceConversion in Frameworks */ = {isa = PBXBuildFile; productRef = C06D13832BC47BFE00506A9B /* FirebaseAnalyticsOnDeviceConversion */; };
		C06D13862BC47BFE00506A9B /* FirebaseAnalyticsSwift in Frameworks */ = {isa = PBXBuildFile; productRef = C06D13852BC47BFE00506A9B /* FirebaseAnalyticsSwift */; };
		C06D13882BC47BFE00506A9B /* FirebaseAnalyticsWithoutAdIdSupport in Frameworks */ = {isa = PBXBuildFile; productRef = C06D13872BC47BFE00506A9B /* FirebaseAnalyticsWithoutAdIdSupport */; };
		C06D138A2BC47BFE00506A9B /* FirebaseAppCheck in Frameworks */ = {isa = PBXBuildFile; productRef = C06D13892BC47BFE00506A9B /* FirebaseAppCheck */; };
		C06D138D2BC47C6C00506A9B /* FacebookCore in Frameworks */ = {isa = PBXBuildFile; productRef = C06D138C2BC47C6C00506A9B /* FacebookCore */; };
		C06D138F2BC47D6500506A9B /* AdSupport.framework in Frameworks */ = {isa = PBXBuildFile; fileRef = C06D138E2BC47D6500506A9B /* AdSupport.framework */; };
		C06D13912BC47D6F00506A9B /* AppTrackingTransparency.framework in Frameworks */ = {isa = PBXBuildFile; fileRef = C06D13902BC47D6F00506A9B /* AppTrackingTransparency.framework */; };
		F75A462F2BE17D55008DCA4D /* Adjust in Frameworks */ = {isa = PBXBuildFile; productRef = F75A462E2BE17D55008DCA4D /* Adjust */; };
		F75A46312BE17D55008DCA4D /* Criteo in Frameworks */ = {isa = PBXBuildFile; productRef = F75A46302BE17D55008DCA4D /* Criteo */; };
		F75A46332BE17D55008DCA4D /* Sociomantic in Frameworks */ = {isa = PBXBuildFile; productRef = F75A46322BE17D55008DCA4D /* Sociomantic */; };
		F75A46352BE17D55008DCA4D /* Trademob in Frameworks */ = {isa = PBXBuildFile; productRef = F75A46342BE17D55008DCA4D /* Trademob */; };
		F75A46372BE17D55008DCA4D /* WebBridge in Frameworks */ = {isa = PBXBuildFile; productRef = F75A46362BE17D55008DCA4D /* WebBridge */; };
		F75A46392BE1AA5F008DCA4D /* StoreView.swift in Sources */ = {isa = PBXBuildFile; fileRef = F75A46382BE1AA5F008DCA4D /* StoreView.swift */; };
		F75A463B2BE1D562008DCA4D /* SubscriptionService.swift in Sources */ = {isa = PBXBuildFile; fileRef = F75A463A2BE1D561008DCA4D /* SubscriptionService.swift */; };
		F75A463D2BE1DBD4008DCA4D /* MainConfiguration.storekit in Resources */ = {isa = PBXBuildFile; fileRef = F75A463C2BE1DBD4008DCA4D /* MainConfiguration.storekit */; };
		F75A463F2BE56244008DCA4D /* SquareButtonNode.swift in Sources */ = {isa = PBXBuildFile; fileRef = F75A463E2BE56244008DCA4D /* SquareButtonNode.swift */; };
		F778AA8C2BCD9EFB008FD5EE /* PrivacyInfo.xcprivacy in Resources */ = {isa = PBXBuildFile; fileRef = F7A908DA2BB85774003E40AE /* PrivacyInfo.xcprivacy */; };
		F7A908652BAA349F003E40AE /* GameScene.swift in Sources */ = {isa = PBXBuildFile; fileRef = F7A908642BAA349F003E40AE /* GameScene.swift */; };
		F7A908702BAB63B8003E40AE /* CharacterNode.swift in Sources */ = {isa = PBXBuildFile; fileRef = F7A9086F2BAB63B8003E40AE /* CharacterNode.swift */; };
		F7A908722BAB7325003E40AE /* EndGameView.swift in Sources */ = {isa = PBXBuildFile; fileRef = F7A908712BAB7325003E40AE /* EndGameView.swift */; };
		F7A908772BAB8378003E40AE /* CoinNode.swift in Sources */ = {isa = PBXBuildFile; fileRef = F7A908762BAB8378003E40AE /* CoinNode.swift */; };
		F7A908792BAB9697003E40AE /* EnemyNode.swift in Sources */ = {isa = PBXBuildFile; fileRef = F7A908782BAB9697003E40AE /* EnemyNode.swift */; };
		F7A9087B2BABA1C7003E40AE /* PhysicsCategory.swift in Sources */ = {isa = PBXBuildFile; fileRef = F7A9087A2BABA1C7003E40AE /* PhysicsCategory.swift */; };
		F7A9087E2BABA2AC003E40AE /* GameController.swift in Sources */ = {isa = PBXBuildFile; fileRef = F7A9087D2BABA2AC003E40AE /* GameController.swift */; };
		F7A908882BACFB81003E40AE /* SpriteSheet.swift in Sources */ = {isa = PBXBuildFile; fileRef = F7A908872BACFB81003E40AE /* SpriteSheet.swift */; };
		F7A9088A2BAEF75D003E40AE /* StartScene.swift in Sources */ = {isa = PBXBuildFile; fileRef = F7A908892BAEF75D003E40AE /* StartScene.swift */; };
		F7A9088C2BAEFA75003E40AE /* ButtonNode.swift in Sources */ = {isa = PBXBuildFile; fileRef = F7A9088B2BAEFA75003E40AE /* ButtonNode.swift */; };
		F7A9088F2BAEFFE4003E40AE /* Modak-Regular.ttf in Resources */ = {isa = PBXBuildFile; fileRef = F7A9088E2BAEFFE4003E40AE /* Modak-Regular.ttf */; };
		F7A908912BAF6651003E40AE /* EndGameScene.swift in Sources */ = {isa = PBXBuildFile; fileRef = F7A908902BAF6651003E40AE /* EndGameScene.swift */; };
		F7A908972BB2345A003E40AE /* Item.swift in Sources */ = {isa = PBXBuildFile; fileRef = F7A908962BB2345A003E40AE /* Item.swift */; };
		F7A908992BB234A2003E40AE /* SpawnNode.swift in Sources */ = {isa = PBXBuildFile; fileRef = F7A908982BB234A2003E40AE /* SpawnNode.swift */; };
		F7A9089B2BB25AA5003E40AE /* GoogleAdsConsentManager.swift in Sources */ = {isa = PBXBuildFile; fileRef = F7A9089A2BB25AA5003E40AE /* GoogleAdsConsentManager.swift */; };
		F7A908B92BB26BE4003E40AE /* FirebaseAnalytics in Frameworks */ = {isa = PBXBuildFile; productRef = F7A908B82BB26BE4003E40AE /* FirebaseAnalytics */; };
		F7A908BB2BB26BE4003E40AE /* FirebaseAnalyticsSwift in Frameworks */ = {isa = PBXBuildFile; productRef = F7A908BA2BB26BE4003E40AE /* FirebaseAnalyticsSwift */; };
		F7A908BD2BB26BE4003E40AE /* FirebaseAppDistribution-Beta in Frameworks */ = {isa = PBXBuildFile; productRef = F7A908BC2BB26BE4003E40AE /* FirebaseAppDistribution-Beta */; };
		F7A908BF2BB26BE4003E40AE /* FirebaseCrashlytics in Frameworks */ = {isa = PBXBuildFile; productRef = F7A908BE2BB26BE4003E40AE /* FirebaseCrashlytics */; };
		F7A908C12BB26BE4003E40AE /* FirebaseDynamicLinks in Frameworks */ = {isa = PBXBuildFile; productRef = F7A908C02BB26BE4003E40AE /* FirebaseDynamicLinks */; };
		F7A908C32BB26BE4003E40AE /* FirebaseInstallations in Frameworks */ = {isa = PBXBuildFile; productRef = F7A908C22BB26BE4003E40AE /* FirebaseInstallations */; };
		F7A908C52BB26BE4003E40AE /* FirebaseMessaging in Frameworks */ = {isa = PBXBuildFile; productRef = F7A908C42BB26BE4003E40AE /* FirebaseMessaging */; };
		F7A908C72BB26BE4003E40AE /* FirebasePerformance in Frameworks */ = {isa = PBXBuildFile; productRef = F7A908C62BB26BE4003E40AE /* FirebasePerformance */; };
		F7A908C92BB26BE4003E40AE /* FirebaseRemoteConfig in Frameworks */ = {isa = PBXBuildFile; productRef = F7A908C82BB26BE4003E40AE /* FirebaseRemoteConfig */; };
		F7A908CB2BB26BE4003E40AE /* FirebaseRemoteConfigSwift in Frameworks */ = {isa = PBXBuildFile; productRef = F7A908CA2BB26BE4003E40AE /* FirebaseRemoteConfigSwift */; };
		F7A908CD2BB32EE8003E40AE /* SKScene+Ext.swift in Sources */ = {isa = PBXBuildFile; fileRef = F7A908CC2BB32EE8003E40AE /* SKScene+Ext.swift */; };
		F7A908D12BB39B5B003E40AE /* BombNode.swift in Sources */ = {isa = PBXBuildFile; fileRef = F7A908D02BB39B5B003E40AE /* BombNode.swift */; };
		F7A908D32BB4B884003E40AE /* DashNode.swift in Sources */ = {isa = PBXBuildFile; fileRef = F7A908D22BB4B884003E40AE /* DashNode.swift */; };
		F7A908D72BB5F19E003E40AE /* GoogleMobileAds in Frameworks */ = {isa = PBXBuildFile; productRef = F7A908D62BB5F19E003E40AE /* GoogleMobileAds */; };
		F7A908D92BB8547D003E40AE /* GoogleService-Info.plist in Resources */ = {isa = PBXBuildFile; fileRef = F7A908D82BB8547C003E40AE /* GoogleService-Info.plist */; };
		F7A908DC2BB9EE92003E40AE /* ReviewService.swift in Sources */ = {isa = PBXBuildFile; fileRef = F7A908DB2BB9EE92003E40AE /* ReviewService.swift */; };
		F7A908DF2BBC7D6B003E40AE /* FirebaseAuth in Frameworks */ = {isa = PBXBuildFile; productRef = F7A908DE2BBC7D6B003E40AE /* FirebaseAuth */; };
		F7BE72972BA8F611005BDEDA /* taurusApp.swift in Sources */ = {isa = PBXBuildFile; fileRef = F7BE72962BA8F611005BDEDA /* taurusApp.swift */; };
		F7BE72992BA8F611005BDEDA /* ContentView.swift in Sources */ = {isa = PBXBuildFile; fileRef = F7BE72982BA8F611005BDEDA /* ContentView.swift */; };
		F7BE729B2BA8F612005BDEDA /* Assets.xcassets in Resources */ = {isa = PBXBuildFile; fileRef = F7BE729A2BA8F612005BDEDA /* Assets.xcassets */; };
		F7BE729E2BA8F612005BDEDA /* Preview Assets.xcassets in Resources */ = {isa = PBXBuildFile; fileRef = F7BE729D2BA8F612005BDEDA /* Preview Assets.xcassets */; };
		F7BE72A62BA8F63C005BDEDA /* HapticsService.swift in Sources */ = {isa = PBXBuildFile; fileRef = F7BE72A52BA8F63C005BDEDA /* HapticsService.swift */; };
		F7BE72A82BA8F680005BDEDA /* GameService.swift in Sources */ = {isa = PBXBuildFile; fileRef = F7BE72A72BA8F680005BDEDA /* GameService.swift */; };
		F7BE72AA2BA8F6AC005BDEDA /* AudioService.swift in Sources */ = {isa = PBXBuildFile; fileRef = F7BE72A92BA8F6AC005BDEDA /* AudioService.swift */; };
		F7BE72AF2BA8F6F8005BDEDA /* IntersticalAdView.swift in Sources */ = {isa = PBXBuildFile; fileRef = F7BE72AC2BA8F6F8005BDEDA /* IntersticalAdView.swift */; };
		F7BE72B02BA8F6F8005BDEDA /* RewardedAdView.swift in Sources */ = {isa = PBXBuildFile; fileRef = F7BE72AD2BA8F6F8005BDEDA /* RewardedAdView.swift */; };
		F7BE72B12BA8F6F8005BDEDA /* BannerAdView.swift in Sources */ = {isa = PBXBuildFile; fileRef = F7BE72AE2BA8F6F8005BDEDA /* BannerAdView.swift */; };
		F7BE72B32BA8F781005BDEDA /* RouterService.swift in Sources */ = {isa = PBXBuildFile; fileRef = F7BE72B22BA8F781005BDEDA /* RouterService.swift */; };
		F7BE72B62BA8F87D005BDEDA /* StartView.swift in Sources */ = {isa = PBXBuildFile; fileRef = F7BE72B52BA8F87D005BDEDA /* StartView.swift */; };
		F7BE72B82BA8F8A9005BDEDA /* GameView.swift in Sources */ = {isa = PBXBuildFile; fileRef = F7BE72B72BA8F8A9005BDEDA /* GameView.swift */; };
		F7BE72C92BA8FAB6005BDEDA /* Array+Ext.swift in Sources */ = {isa = PBXBuildFile; fileRef = F7BE72BB2BA8FAB6005BDEDA /* Array+Ext.swift */; };
		F7BE72CB2BA8FAB6005BDEDA /* Color+Ext.swift in Sources */ = {isa = PBXBuildFile; fileRef = F7BE72BD2BA8FAB6005BDEDA /* Color+Ext.swift */; };
		F7BE72D02BA8FAB6005BDEDA /* String+Ext.swift in Sources */ = {isa = PBXBuildFile; fileRef = F7BE72C22BA8FAB6005BDEDA /* String+Ext.swift */; };
		F7BE72D12BA8FAB6005BDEDA /* View+Ext.swift in Sources */ = {isa = PBXBuildFile; fileRef = F7BE72C32BA8FAB6005BDEDA /* View+Ext.swift */; };
		F7BE72D22BA8FAB6005BDEDA /* FullscreenModifier.swift in Sources */ = {isa = PBXBuildFile; fileRef = F7BE72C52BA8FAB6005BDEDA /* FullscreenModifier.swift */; };
		F7BE72D32BA8FAB6005BDEDA /* Duration.swift in Sources */ = {isa = PBXBuildFile; fileRef = F7BE72C72BA8FAB6005BDEDA /* Duration.swift */; };
		F7BE72DA2BA90533005BDEDA /* AdService.swift in Sources */ = {isa = PBXBuildFile; fileRef = F7BE72D92BA90533005BDEDA /* AdService.swift */; };
		F7C476882BD98C02009EC0A2 /* PlayerDataService.swift in Sources */ = {isa = PBXBuildFile; fileRef = F7C476872BD98C02009EC0A2 /* PlayerDataService.swift */; };
		F7C4768A2BD98C2B009EC0A2 /* FirebaseFirestore in Frameworks */ = {isa = PBXBuildFile; productRef = F7C476892BD98C2B009EC0A2 /* FirebaseFirestore */; };
		F7C970A22BBE6A0B006558FD /* ConfigService.swift in Sources */ = {isa = PBXBuildFile; fileRef = F7C970A12BBE6A0B006558FD /* ConfigService.swift */; };
		F7C970A42BBF35E1006558FD /* SKLabelNode+Ext.swift in Sources */ = {isa = PBXBuildFile; fileRef = F7C970A32BBF35E1006558FD /* SKLabelNode+Ext.swift */; };
		F7C970A62BBF82AE006558FD /* AbilityNode.swift in Sources */ = {isa = PBXBuildFile; fileRef = F7C970A52BBF82AE006558FD /* AbilityNode.swift */; };
		F7C970A92BBF82DF006558FD /* AbilityModal.swift in Sources */ = {isa = PBXBuildFile; fileRef = F7C970A82BBF82DF006558FD /* AbilityModal.swift */; };
		F7C970AD2BC21DF0006558FD /* SKNode+Ext.swift in Sources */ = {isa = PBXBuildFile; fileRef = F7C970AC2BC21DF0006558FD /* SKNode+Ext.swift */; };
		F7C970B02BC2FBA2006558FD /* Barrier.swift in Sources */ = {isa = PBXBuildFile; fileRef = F7C970AF2BC2FBA2006558FD /* Barrier.swift */; };
		F7C970B22BC2FBBA006558FD /* Contactable.swift in Sources */ = {isa = PBXBuildFile; fileRef = F7C970B12BC2FBBA006558FD /* Contactable.swift */; };
		F7C970B42BC359F0006558FD /* BulletNode.swift in Sources */ = {isa = PBXBuildFile; fileRef = F7C970B32BC359F0006558FD /* BulletNode.swift */; };
		F7E6DB9A2BC5D0560027F208 /* Captalist.swift in Sources */ = {isa = PBXBuildFile; fileRef = F7E6DB992BC5D0560027F208 /* Captalist.swift */; };
		F7E6DB9C2BC7A4090027F208 /* CharacterBulletNode.swift in Sources */ = {isa = PBXBuildFile; fileRef = F7E6DB9B2BC7A4090027F208 /* CharacterBulletNode.swift */; };
/* End PBXBuildFile section */

/* Begin PBXFileReference section */
		26405A0B80BB725D6FA69B36 /* Pods-taurus.debug.xcconfig */ = {isa = PBXFileReference; includeInIndex = 1; lastKnownFileType = text.xcconfig; name = "Pods-taurus.debug.xcconfig"; path = "Target Support Files/Pods-taurus/Pods-taurus.debug.xcconfig"; sourceTree = "<group>"; };
		47984651FCAA189BD7F8E02D /* Pods-taurus.release.xcconfig */ = {isa = PBXFileReference; includeInIndex = 1; lastKnownFileType = text.xcconfig; name = "Pods-taurus.release.xcconfig"; path = "Target Support Files/Pods-taurus/Pods-taurus.release.xcconfig"; sourceTree = "<group>"; };
		53238E7ED3D712AA25FABC61 /* Pods_taurus.framework */ = {isa = PBXFileReference; explicitFileType = wrapper.framework; includeInIndex = 0; path = Pods_taurus.framework; sourceTree = BUILT_PRODUCTS_DIR; };
		C06D138E2BC47D6500506A9B /* AdSupport.framework */ = {isa = PBXFileReference; lastKnownFileType = wrapper.framework; name = AdSupport.framework; path = System/Library/Frameworks/AdSupport.framework; sourceTree = SDKROOT; };
		C06D13902BC47D6F00506A9B /* AppTrackingTransparency.framework */ = {isa = PBXFileReference; lastKnownFileType = wrapper.framework; name = AppTrackingTransparency.framework; path = System/Library/Frameworks/AppTrackingTransparency.framework; sourceTree = SDKROOT; };
		F75A46382BE1AA5F008DCA4D /* StoreView.swift */ = {isa = PBXFileReference; lastKnownFileType = sourcecode.swift; path = StoreView.swift; sourceTree = "<group>"; };
		F75A463A2BE1D561008DCA4D /* SubscriptionService.swift */ = {isa = PBXFileReference; lastKnownFileType = sourcecode.swift; path = SubscriptionService.swift; sourceTree = "<group>"; };
		F75A463C2BE1DBD4008DCA4D /* MainConfiguration.storekit */ = {isa = PBXFileReference; lastKnownFileType = text; path = MainConfiguration.storekit; sourceTree = "<group>"; };
		F75A463E2BE56244008DCA4D /* SquareButtonNode.swift */ = {isa = PBXFileReference; lastKnownFileType = sourcecode.swift; path = SquareButtonNode.swift; sourceTree = "<group>"; };
		F7A908642BAA349F003E40AE /* GameScene.swift */ = {isa = PBXFileReference; lastKnownFileType = sourcecode.swift; path = GameScene.swift; sourceTree = "<group>"; };
		F7A9086F2BAB63B8003E40AE /* CharacterNode.swift */ = {isa = PBXFileReference; lastKnownFileType = sourcecode.swift; path = CharacterNode.swift; sourceTree = "<group>"; };
		F7A908712BAB7325003E40AE /* EndGameView.swift */ = {isa = PBXFileReference; lastKnownFileType = sourcecode.swift; path = EndGameView.swift; sourceTree = "<group>"; };
		F7A908762BAB8378003E40AE /* CoinNode.swift */ = {isa = PBXFileReference; lastKnownFileType = sourcecode.swift; path = CoinNode.swift; sourceTree = "<group>"; };
		F7A908782BAB9697003E40AE /* EnemyNode.swift */ = {isa = PBXFileReference; lastKnownFileType = sourcecode.swift; path = EnemyNode.swift; sourceTree = "<group>"; };
		F7A9087A2BABA1C7003E40AE /* PhysicsCategory.swift */ = {isa = PBXFileReference; lastKnownFileType = sourcecode.swift; path = PhysicsCategory.swift; sourceTree = "<group>"; };
		F7A9087D2BABA2AC003E40AE /* GameController.swift */ = {isa = PBXFileReference; lastKnownFileType = sourcecode.swift; path = GameController.swift; sourceTree = "<group>"; };
		F7A908872BACFB81003E40AE /* SpriteSheet.swift */ = {isa = PBXFileReference; lastKnownFileType = sourcecode.swift; path = SpriteSheet.swift; sourceTree = "<group>"; };
		F7A908892BAEF75D003E40AE /* StartScene.swift */ = {isa = PBXFileReference; lastKnownFileType = sourcecode.swift; path = StartScene.swift; sourceTree = "<group>"; };
		F7A9088B2BAEFA75003E40AE /* ButtonNode.swift */ = {isa = PBXFileReference; lastKnownFileType = sourcecode.swift; path = ButtonNode.swift; sourceTree = "<group>"; };
		F7A9088E2BAEFFE4003E40AE /* Modak-Regular.ttf */ = {isa = PBXFileReference; lastKnownFileType = file; path = "Modak-Regular.ttf"; sourceTree = "<group>"; };
		F7A908902BAF6651003E40AE /* EndGameScene.swift */ = {isa = PBXFileReference; lastKnownFileType = sourcecode.swift; path = EndGameScene.swift; sourceTree = "<group>"; };
		F7A908962BB2345A003E40AE /* Item.swift */ = {isa = PBXFileReference; fileEncoding = 4; lastKnownFileType = sourcecode.swift; path = Item.swift; sourceTree = "<group>"; };
		F7A908982BB234A2003E40AE /* SpawnNode.swift */ = {isa = PBXFileReference; fileEncoding = 4; lastKnownFileType = sourcecode.swift; path = SpawnNode.swift; sourceTree = "<group>"; };
		F7A9089A2BB25AA5003E40AE /* GoogleAdsConsentManager.swift */ = {isa = PBXFileReference; lastKnownFileType = sourcecode.swift; path = GoogleAdsConsentManager.swift; sourceTree = "<group>"; };
		F7A908CC2BB32EE8003E40AE /* SKScene+Ext.swift */ = {isa = PBXFileReference; lastKnownFileType = sourcecode.swift; path = "SKScene+Ext.swift"; sourceTree = "<group>"; };
		F7A908D02BB39B5B003E40AE /* BombNode.swift */ = {isa = PBXFileReference; lastKnownFileType = sourcecode.swift; path = BombNode.swift; sourceTree = "<group>"; };
		F7A908D22BB4B884003E40AE /* DashNode.swift */ = {isa = PBXFileReference; lastKnownFileType = sourcecode.swift; path = DashNode.swift; sourceTree = "<group>"; };
		F7A908D82BB8547C003E40AE /* GoogleService-Info.plist */ = {isa = PBXFileReference; fileEncoding = 4; lastKnownFileType = text.plist.xml; path = "GoogleService-Info.plist"; sourceTree = "<group>"; };
		F7A908DA2BB85774003E40AE /* PrivacyInfo.xcprivacy */ = {isa = PBXFileReference; lastKnownFileType = text.xml; path = PrivacyInfo.xcprivacy; sourceTree = "<group>"; };
		F7A908DB2BB9EE92003E40AE /* ReviewService.swift */ = {isa = PBXFileReference; lastKnownFileType = sourcecode.swift; path = ReviewService.swift; sourceTree = "<group>"; };
		F7BE72932BA8F611005BDEDA /* taurus.app */ = {isa = PBXFileReference; explicitFileType = wrapper.application; includeInIndex = 0; path = taurus.app; sourceTree = BUILT_PRODUCTS_DIR; };
		F7BE72962BA8F611005BDEDA /* taurusApp.swift */ = {isa = PBXFileReference; lastKnownFileType = sourcecode.swift; path = taurusApp.swift; sourceTree = "<group>"; };
		F7BE72982BA8F611005BDEDA /* ContentView.swift */ = {isa = PBXFileReference; lastKnownFileType = sourcecode.swift; path = ContentView.swift; sourceTree = "<group>"; };
		F7BE729A2BA8F612005BDEDA /* Assets.xcassets */ = {isa = PBXFileReference; lastKnownFileType = folder.assetcatalog; path = Assets.xcassets; sourceTree = "<group>"; };
		F7BE729D2BA8F612005BDEDA /* Preview Assets.xcassets */ = {isa = PBXFileReference; lastKnownFileType = folder.assetcatalog; path = "Preview Assets.xcassets"; sourceTree = "<group>"; };
		F7BE72A52BA8F63C005BDEDA /* HapticsService.swift */ = {isa = PBXFileReference; lastKnownFileType = sourcecode.swift; path = HapticsService.swift; sourceTree = "<group>"; };
		F7BE72A72BA8F680005BDEDA /* GameService.swift */ = {isa = PBXFileReference; lastKnownFileType = sourcecode.swift; path = GameService.swift; sourceTree = "<group>"; };
		F7BE72A92BA8F6AC005BDEDA /* AudioService.swift */ = {isa = PBXFileReference; lastKnownFileType = sourcecode.swift; path = AudioService.swift; sourceTree = "<group>"; };
		F7BE72AC2BA8F6F8005BDEDA /* IntersticalAdView.swift */ = {isa = PBXFileReference; fileEncoding = 4; lastKnownFileType = sourcecode.swift; path = IntersticalAdView.swift; sourceTree = "<group>"; };
		F7BE72AD2BA8F6F8005BDEDA /* RewardedAdView.swift */ = {isa = PBXFileReference; fileEncoding = 4; lastKnownFileType = sourcecode.swift; path = RewardedAdView.swift; sourceTree = "<group>"; };
		F7BE72AE2BA8F6F8005BDEDA /* BannerAdView.swift */ = {isa = PBXFileReference; fileEncoding = 4; lastKnownFileType = sourcecode.swift; path = BannerAdView.swift; sourceTree = "<group>"; };
		F7BE72B22BA8F781005BDEDA /* RouterService.swift */ = {isa = PBXFileReference; lastKnownFileType = sourcecode.swift; path = RouterService.swift; sourceTree = "<group>"; };
		F7BE72B52BA8F87D005BDEDA /* StartView.swift */ = {isa = PBXFileReference; lastKnownFileType = sourcecode.swift; path = StartView.swift; sourceTree = "<group>"; };
		F7BE72B72BA8F8A9005BDEDA /* GameView.swift */ = {isa = PBXFileReference; lastKnownFileType = sourcecode.swift; path = GameView.swift; sourceTree = "<group>"; };
		F7BE72BB2BA8FAB6005BDEDA /* Array+Ext.swift */ = {isa = PBXFileReference; fileEncoding = 4; lastKnownFileType = sourcecode.swift; path = "Array+Ext.swift"; sourceTree = "<group>"; };
		F7BE72BD2BA8FAB6005BDEDA /* Color+Ext.swift */ = {isa = PBXFileReference; fileEncoding = 4; lastKnownFileType = sourcecode.swift; path = "Color+Ext.swift"; sourceTree = "<group>"; };
		F7BE72C22BA8FAB6005BDEDA /* String+Ext.swift */ = {isa = PBXFileReference; fileEncoding = 4; lastKnownFileType = sourcecode.swift; path = "String+Ext.swift"; sourceTree = "<group>"; };
		F7BE72C32BA8FAB6005BDEDA /* View+Ext.swift */ = {isa = PBXFileReference; fileEncoding = 4; lastKnownFileType = sourcecode.swift; path = "View+Ext.swift"; sourceTree = "<group>"; };
		F7BE72C52BA8FAB6005BDEDA /* FullscreenModifier.swift */ = {isa = PBXFileReference; fileEncoding = 4; lastKnownFileType = sourcecode.swift; path = FullscreenModifier.swift; sourceTree = "<group>"; };
		F7BE72C72BA8FAB6005BDEDA /* Duration.swift */ = {isa = PBXFileReference; fileEncoding = 4; lastKnownFileType = sourcecode.swift; path = Duration.swift; sourceTree = "<group>"; };
		F7BE72D72BA8FD98005BDEDA /* taurus.entitlements */ = {isa = PBXFileReference; lastKnownFileType = text.plist.entitlements; path = taurus.entitlements; sourceTree = "<group>"; };
		F7BE72D82BA8FDD3005BDEDA /* Info.plist */ = {isa = PBXFileReference; lastKnownFileType = text.plist; path = Info.plist; sourceTree = "<group>"; };
		F7BE72D92BA90533005BDEDA /* AdService.swift */ = {isa = PBXFileReference; lastKnownFileType = sourcecode.swift; path = AdService.swift; sourceTree = "<group>"; };
		F7C476872BD98C02009EC0A2 /* PlayerDataService.swift */ = {isa = PBXFileReference; lastKnownFileType = sourcecode.swift; path = PlayerDataService.swift; sourceTree = "<group>"; };
		F7C970A12BBE6A0B006558FD /* ConfigService.swift */ = {isa = PBXFileReference; lastKnownFileType = sourcecode.swift; path = ConfigService.swift; sourceTree = "<group>"; };
		F7C970A32BBF35E1006558FD /* SKLabelNode+Ext.swift */ = {isa = PBXFileReference; lastKnownFileType = sourcecode.swift; path = "SKLabelNode+Ext.swift"; sourceTree = "<group>"; };
		F7C970A52BBF82AE006558FD /* AbilityNode.swift */ = {isa = PBXFileReference; lastKnownFileType = sourcecode.swift; path = AbilityNode.swift; sourceTree = "<group>"; };
		F7C970A82BBF82DF006558FD /* AbilityModal.swift */ = {isa = PBXFileReference; lastKnownFileType = sourcecode.swift; path = AbilityModal.swift; sourceTree = "<group>"; };
		F7C970AC2BC21DF0006558FD /* SKNode+Ext.swift */ = {isa = PBXFileReference; lastKnownFileType = sourcecode.swift; path = "SKNode+Ext.swift"; sourceTree = "<group>"; };
		F7C970AF2BC2FBA2006558FD /* Barrier.swift */ = {isa = PBXFileReference; lastKnownFileType = sourcecode.swift; path = Barrier.swift; sourceTree = "<group>"; };
		F7C970B12BC2FBBA006558FD /* Contactable.swift */ = {isa = PBXFileReference; lastKnownFileType = sourcecode.swift; path = Contactable.swift; sourceTree = "<group>"; };
		F7C970B32BC359F0006558FD /* BulletNode.swift */ = {isa = PBXFileReference; lastKnownFileType = sourcecode.swift; path = BulletNode.swift; sourceTree = "<group>"; };
		F7E6DB992BC5D0560027F208 /* Captalist.swift */ = {isa = PBXFileReference; lastKnownFileType = sourcecode.swift; path = Captalist.swift; sourceTree = "<group>"; };
		F7E6DB9B2BC7A4090027F208 /* CharacterBulletNode.swift */ = {isa = PBXFileReference; lastKnownFileType = sourcecode.swift; path = CharacterBulletNode.swift; sourceTree = "<group>"; };
/* End PBXFileReference section */

/* Begin PBXFrameworksBuildPhase section */
		F7BE72902BA8F611005BDEDA /* Frameworks */ = {
			isa = PBXFrameworksBuildPhase;
			buildActionMask = 2147483647;
			files = (
				C06D138F2BC47D6500506A9B /* AdSupport.framework in Frameworks */,
				F7A908C52BB26BE4003E40AE /* FirebaseMessaging in Frameworks */,
				C06D138A2BC47BFE00506A9B /* FirebaseAppCheck in Frameworks */,
				F7A908BB2BB26BE4003E40AE /* FirebaseAnalyticsSwift in Frameworks */,
				F75A46352BE17D55008DCA4D /* Trademob in Frameworks */,
				F75A46312BE17D55008DCA4D /* Criteo in Frameworks */,
				F7A908C72BB26BE4003E40AE /* FirebasePerformance in Frameworks */,
				F75A46332BE17D55008DCA4D /* Sociomantic in Frameworks */,
				C06D13912BC47D6F00506A9B /* AppTrackingTransparency.framework in Frameworks */,
				C06D13842BC47BFE00506A9B /* FirebaseAnalyticsOnDeviceConversion in Frameworks */,
				F7A908C32BB26BE4003E40AE /* FirebaseInstallations in Frameworks */,
				C06D13822BC47BFE00506A9B /* FirebaseAnalytics in Frameworks */,
				F7C4768A2BD98C2B009EC0A2 /* FirebaseFirestore in Frameworks */,
				C06D138D2BC47C6C00506A9B /* FacebookCore in Frameworks */,
				F7A908B92BB26BE4003E40AE /* FirebaseAnalytics in Frameworks */,
				C06D13882BC47BFE00506A9B /* FirebaseAnalyticsWithoutAdIdSupport in Frameworks */,
				F7A908D72BB5F19E003E40AE /* GoogleMobileAds in Frameworks */,
				F7A908CB2BB26BE4003E40AE /* FirebaseRemoteConfigSwift in Frameworks */,
				F75A46372BE17D55008DCA4D /* WebBridge in Frameworks */,
				C06D13862BC47BFE00506A9B /* FirebaseAnalyticsSwift in Frameworks */,
				F7A908DF2BBC7D6B003E40AE /* FirebaseAuth in Frameworks */,
				F7A908BF2BB26BE4003E40AE /* FirebaseCrashlytics in Frameworks */,
				F7A908BD2BB26BE4003E40AE /* FirebaseAppDistribution-Beta in Frameworks */,
				F7A908C12BB26BE4003E40AE /* FirebaseDynamicLinks in Frameworks */,
				F75A462F2BE17D55008DCA4D /* Adjust in Frameworks */,
				F7A908C92BB26BE4003E40AE /* FirebaseRemoteConfig in Frameworks */,
				27B8D75C0A0E0592BCA7C6EE /* Pods_taurus.framework in Frameworks */,
			);
			runOnlyForDeploymentPostprocessing = 0;
		};
/* End PBXFrameworksBuildPhase section */

/* Begin PBXGroup section */
		78F65FB6ECA631B840DB6631 /* Pods */ = {
			isa = PBXGroup;
			children = (
				26405A0B80BB725D6FA69B36 /* Pods-taurus.debug.xcconfig */,
				47984651FCAA189BD7F8E02D /* Pods-taurus.release.xcconfig */,
			);
			path = Pods;
			sourceTree = "<group>";
		};
		F7A908612BAA344C003E40AE /* Scenes */ = {
			isa = PBXGroup;
			children = (
				F7A908642BAA349F003E40AE /* GameScene.swift */,
				F7A908892BAEF75D003E40AE /* StartScene.swift */,
				F7A908902BAF6651003E40AE /* EndGameScene.swift */,
			);
			path = Scenes;
			sourceTree = "<group>";
		};
		F7A9086E2BAB63AA003E40AE /* Nodes */ = {
			isa = PBXGroup;
			children = (
				F7C970AE2BC2FB91006558FD /* PowerUps */,
				F7C970A72BBF82D1006558FD /* Modals */,
				F7A908752BAB8369003E40AE /* Items */,
				F7A908982BB234A2003E40AE /* SpawnNode.swift */,
				F7A9086F2BAB63B8003E40AE /* CharacterNode.swift */,
				F7A9088B2BAEFA75003E40AE /* ButtonNode.swift */,
				F7C970A52BBF82AE006558FD /* AbilityNode.swift */,
				F7C970B12BC2FBBA006558FD /* Contactable.swift */,
				F75A463E2BE56244008DCA4D /* SquareButtonNode.swift */,
			);
			path = Nodes;
			sourceTree = "<group>";
		};
		F7A908752BAB8369003E40AE /* Items */ = {
			isa = PBXGroup;
			children = (
				F7A908962BB2345A003E40AE /* Item.swift */,
				F7A908762BAB8378003E40AE /* CoinNode.swift */,
				F7A908782BAB9697003E40AE /* EnemyNode.swift */,
				F7A908D02BB39B5B003E40AE /* BombNode.swift */,
				F7A908D22BB4B884003E40AE /* DashNode.swift */,
				F7C970B32BC359F0006558FD /* BulletNode.swift */,
				F7E6DB9B2BC7A4090027F208 /* CharacterBulletNode.swift */,
			);
			path = Items;
			sourceTree = "<group>";
		};
		F7A9087C2BABA29F003E40AE /* Controllers */ = {
			isa = PBXGroup;
			children = (
				F7A9087D2BABA2AC003E40AE /* GameController.swift */,
			);
			path = Controllers;
			sourceTree = "<group>";
		};
		F7A9088D2BAEFFC9003E40AE /* Fonts */ = {
			isa = PBXGroup;
			children = (
				F7A9088E2BAEFFE4003E40AE /* Modak-Regular.ttf */,
			);
			path = Fonts;
			sourceTree = "<group>";
		};
		F7A908DD2BBC7D6B003E40AE /* Frameworks */ = {
			isa = PBXGroup;
			children = (
				C06D13902BC47D6F00506A9B /* AppTrackingTransparency.framework */,
				C06D138E2BC47D6500506A9B /* AdSupport.framework */,
				53238E7ED3D712AA25FABC61 /* Pods_taurus.framework */,
			);
			name = Frameworks;
			sourceTree = "<group>";
		};
		F7BE728A2BA8F611005BDEDA = {
			isa = PBXGroup;
			children = (
				F7BE72952BA8F611005BDEDA /* taurus */,
				F7BE72942BA8F611005BDEDA /* Products */,
				F7A908DD2BBC7D6B003E40AE /* Frameworks */,
				78F65FB6ECA631B840DB6631 /* Pods */,
			);
			sourceTree = "<group>";
		};
		F7BE72942BA8F611005BDEDA /* Products */ = {
			isa = PBXGroup;
			children = (
				F7BE72932BA8F611005BDEDA /* taurus.app */,
			);
			name = Products;
			sourceTree = "<group>";
		};
		F7BE72952BA8F611005BDEDA /* taurus */ = {
			isa = PBXGroup;
			children = (
				F7BE72D82BA8FDD3005BDEDA /* Info.plist */,
				F7A908D82BB8547C003E40AE /* GoogleService-Info.plist */,
				F75A463C2BE1DBD4008DCA4D /* MainConfiguration.storekit */,
				F7BE72D72BA8FD98005BDEDA /* taurus.entitlements */,
				F7A908DA2BB85774003E40AE /* PrivacyInfo.xcprivacy */,
				F7A9087C2BABA29F003E40AE /* Controllers */,
				F7BE72C82BA8FAB6005BDEDA /* Utils */,
				F7A9088D2BAEFFC9003E40AE /* Fonts */,
				F7A9086E2BAB63AA003E40AE /* Nodes */,
				F7A908612BAA344C003E40AE /* Scenes */,
				F7BE72AB2BA8F6E7005BDEDA /* Views */,
				F7BE72A42BA8F62E005BDEDA /* Services */,
				F7BE72962BA8F611005BDEDA /* taurusApp.swift */,
				F7BE72982BA8F611005BDEDA /* ContentView.swift */,
				F7BE729A2BA8F612005BDEDA /* Assets.xcassets */,
				F7BE729C2BA8F612005BDEDA /* Preview Content */,
			);
			path = taurus;
			sourceTree = "<group>";
		};
		F7BE729C2BA8F612005BDEDA /* Preview Content */ = {
			isa = PBXGroup;
			children = (
				F7BE729D2BA8F612005BDEDA /* Preview Assets.xcassets */,
			);
			path = "Preview Content";
			sourceTree = "<group>";
		};
		F7BE72A42BA8F62E005BDEDA /* Services */ = {
			isa = PBXGroup;
			children = (
				F7BE72B22BA8F781005BDEDA /* RouterService.swift */,
				F7BE72A52BA8F63C005BDEDA /* HapticsService.swift */,
				F7BE72A72BA8F680005BDEDA /* GameService.swift */,
				F7BE72A92BA8F6AC005BDEDA /* AudioService.swift */,
				F7BE72D92BA90533005BDEDA /* AdService.swift */,
				F7A908DB2BB9EE92003E40AE /* ReviewService.swift */,
				F7C970A12BBE6A0B006558FD /* ConfigService.swift */,
				F7C476872BD98C02009EC0A2 /* PlayerDataService.swift */,
				F75A463A2BE1D561008DCA4D /* SubscriptionService.swift */,
			);
			path = Services;
			sourceTree = "<group>";
		};
		F7BE72AB2BA8F6E7005BDEDA /* Views */ = {
			isa = PBXGroup;
			children = (
				F7BE72B42BA8F867005BDEDA /* Ad */,
				F7BE72B52BA8F87D005BDEDA /* StartView.swift */,
				F7BE72B72BA8F8A9005BDEDA /* GameView.swift */,
				F7A908712BAB7325003E40AE /* EndGameView.swift */,
				F75A46382BE1AA5F008DCA4D /* StoreView.swift */,
			);
			path = Views;
			sourceTree = "<group>";
		};
		F7BE72B42BA8F867005BDEDA /* Ad */ = {
			isa = PBXGroup;
			children = (
				F7BE72AE2BA8F6F8005BDEDA /* BannerAdView.swift */,
				F7BE72AC2BA8F6F8005BDEDA /* IntersticalAdView.swift */,
				F7BE72AD2BA8F6F8005BDEDA /* RewardedAdView.swift */,
			);
			path = Ad;
			sourceTree = "<group>";
		};
		F7BE72C42BA8FAB6005BDEDA /* Extensions */ = {
			isa = PBXGroup;
			children = (
				F7BE72BB2BA8FAB6005BDEDA /* Array+Ext.swift */,
				F7BE72BD2BA8FAB6005BDEDA /* Color+Ext.swift */,
				F7BE72C22BA8FAB6005BDEDA /* String+Ext.swift */,
				F7BE72C32BA8FAB6005BDEDA /* View+Ext.swift */,
				F7A908CC2BB32EE8003E40AE /* SKScene+Ext.swift */,
				F7C970A32BBF35E1006558FD /* SKLabelNode+Ext.swift */,
				F7C970AC2BC21DF0006558FD /* SKNode+Ext.swift */,
			);
			path = Extensions;
			sourceTree = "<group>";
		};
		F7BE72C62BA8FAB6005BDEDA /* Modifiers */ = {
			isa = PBXGroup;
			children = (
				F7BE72C52BA8FAB6005BDEDA /* FullscreenModifier.swift */,
			);
			path = Modifiers;
			sourceTree = "<group>";
		};
		F7BE72C82BA8FAB6005BDEDA /* Utils */ = {
			isa = PBXGroup;
			children = (
				F7BE72C42BA8FAB6005BDEDA /* Extensions */,
				F7BE72C62BA8FAB6005BDEDA /* Modifiers */,
				F7BE72C72BA8FAB6005BDEDA /* Duration.swift */,
				F7A9087A2BABA1C7003E40AE /* PhysicsCategory.swift */,
				F7A908872BACFB81003E40AE /* SpriteSheet.swift */,
				F7A9089A2BB25AA5003E40AE /* GoogleAdsConsentManager.swift */,
			);
			path = Utils;
			sourceTree = "<group>";
		};
		F7C970A72BBF82D1006558FD /* Modals */ = {
			isa = PBXGroup;
			children = (
				F7C970A82BBF82DF006558FD /* AbilityModal.swift */,
			);
			path = Modals;
			sourceTree = "<group>";
		};
		F7C970AE2BC2FB91006558FD /* PowerUps */ = {
			isa = PBXGroup;
			children = (
				F7C970AF2BC2FBA2006558FD /* Barrier.swift */,
				F7E6DB992BC5D0560027F208 /* Captalist.swift */,
			);
			path = PowerUps;
			sourceTree = "<group>";
		};
/* End PBXGroup section */

/* Begin PBXNativeTarget section */
		F7BE72922BA8F611005BDEDA /* taurus */ = {
			isa = PBXNativeTarget;
			buildConfigurationList = F7BE72A12BA8F612005BDEDA /* Build configuration list for PBXNativeTarget "taurus" */;
			buildPhases = (
				834B1CDE36B9F3AB0BC8A8E5 /* [CP] Check Pods Manifest.lock */,
				F7BE728F2BA8F611005BDEDA /* Sources */,
				F7BE72902BA8F611005BDEDA /* Frameworks */,
				F7BE72912BA8F611005BDEDA /* Resources */,
				F7C970A02BBE4D10006558FD /* ShellScript */,
				35D5F3B0A00348C362BF24BE /* [CP] Copy Pods Resources */,
			);
			buildRules = (
			);
			dependencies = (
			);
			name = taurus;
			packageProductDependencies = (
				F7A908B82BB26BE4003E40AE /* FirebaseAnalytics */,
				F7A908BA2BB26BE4003E40AE /* FirebaseAnalyticsSwift */,
				F7A908BC2BB26BE4003E40AE /* FirebaseAppDistribution-Beta */,
				F7A908BE2BB26BE4003E40AE /* FirebaseCrashlytics */,
				F7A908C02BB26BE4003E40AE /* FirebaseDynamicLinks */,
				F7A908C22BB26BE4003E40AE /* FirebaseInstallations */,
				F7A908C42BB26BE4003E40AE /* FirebaseMessaging */,
				F7A908C62BB26BE4003E40AE /* FirebasePerformance */,
				F7A908C82BB26BE4003E40AE /* FirebaseRemoteConfig */,
				F7A908CA2BB26BE4003E40AE /* FirebaseRemoteConfigSwift */,
				F7A908D62BB5F19E003E40AE /* GoogleMobileAds */,
				F7A908DE2BBC7D6B003E40AE /* FirebaseAuth */,
				C06D13812BC47BFE00506A9B /* FirebaseAnalytics */,
				C06D13832BC47BFE00506A9B /* FirebaseAnalyticsOnDeviceConversion */,
				C06D13852BC47BFE00506A9B /* FirebaseAnalyticsSwift */,
				C06D13872BC47BFE00506A9B /* FirebaseAnalyticsWithoutAdIdSupport */,
				C06D13892BC47BFE00506A9B /* FirebaseAppCheck */,
				C06D138C2BC47C6C00506A9B /* FacebookCore */,
				F7C476892BD98C2B009EC0A2 /* FirebaseFirestore */,
				F75A462E2BE17D55008DCA4D /* Adjust */,
				F75A46302BE17D55008DCA4D /* Criteo */,
				F75A46322BE17D55008DCA4D /* Sociomantic */,
				F75A46342BE17D55008DCA4D /* Trademob */,
				F75A46362BE17D55008DCA4D /* WebBridge */,
			);
			productName = taurus;
			productReference = F7BE72932BA8F611005BDEDA /* taurus.app */;
			productType = "com.apple.product-type.application";
		};
/* End PBXNativeTarget section */

/* Begin PBXProject section */
		F7BE728B2BA8F611005BDEDA /* Project object */ = {
			isa = PBXProject;
			attributes = {
				BuildIndependentTargetsInParallel = 1;
				LastSwiftUpdateCheck = 1530;
				LastUpgradeCheck = 1530;
				TargetAttributes = {
					F7BE72922BA8F611005BDEDA = {
						CreatedOnToolsVersion = 15.3;
					};
				};
			};
			buildConfigurationList = F7BE728E2BA8F611005BDEDA /* Build configuration list for PBXProject "taurus" */;
			compatibilityVersion = "Xcode 14.0";
			developmentRegion = en;
			hasScannedForEncodings = 0;
			knownRegions = (
				en,
				Base,
			);
			mainGroup = F7BE728A2BA8F611005BDEDA;
			packageReferences = (
				F7A908B72BB26BE4003E40AE /* XCRemoteSwiftPackageReference "firebase-ios-sdk" */,
				F7A908D52BB5F19E003E40AE /* XCRemoteSwiftPackageReference "swift-package-manager-google-mobile-ads" */,
				C06D138B2BC47C6C00506A9B /* XCRemoteSwiftPackageReference "facebook-ios-sdk" */,
				F75A462D2BE17D55008DCA4D /* XCRemoteSwiftPackageReference "ios_sdk" */,
			);
			productRefGroup = F7BE72942BA8F611005BDEDA /* Products */;
			projectDirPath = "";
			projectRoot = "";
			targets = (
				F7BE72922BA8F611005BDEDA /* taurus */,
			);
		};
/* End PBXProject section */

/* Begin PBXResourcesBuildPhase section */
		F7BE72912BA8F611005BDEDA /* Resources */ = {
			isa = PBXResourcesBuildPhase;
			buildActionMask = 2147483647;
			files = (
				F75A463D2BE1DBD4008DCA4D /* MainConfiguration.storekit in Resources */,
				F7BE729E2BA8F612005BDEDA /* Preview Assets.xcassets in Resources */,
				F7A908D92BB8547D003E40AE /* GoogleService-Info.plist in Resources */,
				F7A9088F2BAEFFE4003E40AE /* Modak-Regular.ttf in Resources */,
				F778AA8C2BCD9EFB008FD5EE /* PrivacyInfo.xcprivacy in Resources */,
				F7BE729B2BA8F612005BDEDA /* Assets.xcassets in Resources */,
			);
			runOnlyForDeploymentPostprocessing = 0;
		};
/* End PBXResourcesBuildPhase section */

/* Begin PBXShellScriptBuildPhase section */
		35D5F3B0A00348C362BF24BE /* [CP] Copy Pods Resources */ = {
			isa = PBXShellScriptBuildPhase;
			buildActionMask = 2147483647;
			files = (
			);
			inputFileListPaths = (
				"${PODS_ROOT}/Target Support Files/Pods-taurus/Pods-taurus-resources-${CONFIGURATION}-input-files.xcfilelist",
			);
			name = "[CP] Copy Pods Resources";
			outputFileListPaths = (
				"${PODS_ROOT}/Target Support Files/Pods-taurus/Pods-taurus-resources-${CONFIGURATION}-output-files.xcfilelist",
			);
			runOnlyForDeploymentPostprocessing = 0;
			shellPath = /bin/sh;
			shellScript = "\"${PODS_ROOT}/Target Support Files/Pods-taurus/Pods-taurus-resources.sh\"\n";
			showEnvVarsInLog = 0;
		};
		834B1CDE36B9F3AB0BC8A8E5 /* [CP] Check Pods Manifest.lock */ = {
			isa = PBXShellScriptBuildPhase;
			buildActionMask = 2147483647;
			files = (
			);
			inputFileListPaths = (
			);
			inputPaths = (
				"${PODS_PODFILE_DIR_PATH}/Podfile.lock",
				"${PODS_ROOT}/Manifest.lock",
			);
			name = "[CP] Check Pods Manifest.lock";
			outputFileListPaths = (
			);
			outputPaths = (
				"$(DERIVED_FILE_DIR)/Pods-taurus-checkManifestLockResult.txt",
			);
			runOnlyForDeploymentPostprocessing = 0;
			shellPath = /bin/sh;
			shellScript = "diff \"${PODS_PODFILE_DIR_PATH}/Podfile.lock\" \"${PODS_ROOT}/Manifest.lock\" > /dev/null\nif [ $? != 0 ] ; then\n    # print error to STDERR\n    echo \"error: The sandbox is not in sync with the Podfile.lock. Run 'pod install' or update your CocoaPods installation.\" >&2\n    exit 1\nfi\n# This output is used by Xcode 'outputs' to avoid re-running this script phase.\necho \"SUCCESS\" > \"${SCRIPT_OUTPUT_FILE_0}\"\n";
			showEnvVarsInLog = 0;
		};
		F7C970A02BBE4D10006558FD /* ShellScript */ = {
			isa = PBXShellScriptBuildPhase;
			buildActionMask = 2147483647;
			files = (
			);
			inputFileListPaths = (
			);
			inputPaths = (
				"${DWARF_DSYM_FOLDER_PATH}/${DWARF_DSYM_FILE_NAME}",
				"${DWARF_DSYM_FOLDER_PATH}/${DWARF_DSYM_FILE_NAME}/Contents/Resources/DWARF/${PRODUCT_NAME}",
				"${DWARF_DSYM_FOLDER_PATH}/${DWARF_DSYM_FILE_NAME}/Contents/Info.plist",
				"$(TARGET_BUILD_DIR)/$(UNLOCALIZED_RESOURCES_FOLDER_PATH)/GoogleService-Info.plist",
				"$(TARGET_BUILD_DIR)/$(EXECUTABLE_PATH)",
			);
			outputFileListPaths = (
			);
			outputPaths = (
			);
			runOnlyForDeploymentPostprocessing = 0;
			shellPath = /bin/sh;
			shellScript = "\"${BUILD_DIR%/Build/*}/SourcePackages/checkouts/firebase-ios-sdk/Crashlytics/run\"\n";
		};
/* End PBXShellScriptBuildPhase section */

/* Begin PBXSourcesBuildPhase section */
		F7BE728F2BA8F611005BDEDA /* Sources */ = {
			isa = PBXSourcesBuildPhase;
			buildActionMask = 2147483647;
			files = (
				F7A908D12BB39B5B003E40AE /* BombNode.swift in Sources */,
				F7BE72AA2BA8F6AC005BDEDA /* AudioService.swift in Sources */,
				F7A908652BAA349F003E40AE /* GameScene.swift in Sources */,
				F7A9089B2BB25AA5003E40AE /* GoogleAdsConsentManager.swift in Sources */,
				F7A9087B2BABA1C7003E40AE /* PhysicsCategory.swift in Sources */,
				F7A908912BAF6651003E40AE /* EndGameScene.swift in Sources */,
				F7BE72D22BA8FAB6005BDEDA /* FullscreenModifier.swift in Sources */,
				F7BE72C92BA8FAB6005BDEDA /* Array+Ext.swift in Sources */,
				F7A9088C2BAEFA75003E40AE /* ButtonNode.swift in Sources */,
				F7BE72992BA8F611005BDEDA /* ContentView.swift in Sources */,
				F7A908702BAB63B8003E40AE /* CharacterNode.swift in Sources */,
				F7BE72DA2BA90533005BDEDA /* AdService.swift in Sources */,
				F7A908972BB2345A003E40AE /* Item.swift in Sources */,
				F7A908D32BB4B884003E40AE /* DashNode.swift in Sources */,
				F7A908CD2BB32EE8003E40AE /* SKScene+Ext.swift in Sources */,
				F7C476882BD98C02009EC0A2 /* PlayerDataService.swift in Sources */,
				F7A908992BB234A2003E40AE /* SpawnNode.swift in Sources */,
				F7BE72B62BA8F87D005BDEDA /* StartView.swift in Sources */,
				F7C970B42BC359F0006558FD /* BulletNode.swift in Sources */,
				F7BE72B32BA8F781005BDEDA /* RouterService.swift in Sources */,
				F75A463B2BE1D562008DCA4D /* SubscriptionService.swift in Sources */,
				F7BE72D32BA8FAB6005BDEDA /* Duration.swift in Sources */,
				F7BE72AF2BA8F6F8005BDEDA /* IntersticalAdView.swift in Sources */,
				F7BE72B82BA8F8A9005BDEDA /* GameView.swift in Sources */,
				F75A463F2BE56244008DCA4D /* SquareButtonNode.swift in Sources */,
				F7BE72B12BA8F6F8005BDEDA /* BannerAdView.swift in Sources */,
				F7A9088A2BAEF75D003E40AE /* StartScene.swift in Sources */,
				F7C970B02BC2FBA2006558FD /* Barrier.swift in Sources */,
				F7E6DB9A2BC5D0560027F208 /* Captalist.swift in Sources */,
				F7A908722BAB7325003E40AE /* EndGameView.swift in Sources */,
				F7C970B22BC2FBBA006558FD /* Contactable.swift in Sources */,
				F7A908772BAB8378003E40AE /* CoinNode.swift in Sources */,
				F7A908DC2BB9EE92003E40AE /* ReviewService.swift in Sources */,
				F7A908882BACFB81003E40AE /* SpriteSheet.swift in Sources */,
				F7BE72B02BA8F6F8005BDEDA /* RewardedAdView.swift in Sources */,
				F7BE72D12BA8FAB6005BDEDA /* View+Ext.swift in Sources */,
				F75A46392BE1AA5F008DCA4D /* StoreView.swift in Sources */,
				F7BE72972BA8F611005BDEDA /* taurusApp.swift in Sources */,
				F7BE72A62BA8F63C005BDEDA /* HapticsService.swift in Sources */,
				F7E6DB9C2BC7A4090027F208 /* CharacterBulletNode.swift in Sources */,
				F7BE72A82BA8F680005BDEDA /* GameService.swift in Sources */,
				F7C970AD2BC21DF0006558FD /* SKNode+Ext.swift in Sources */,
				F7C970A92BBF82DF006558FD /* AbilityModal.swift in Sources */,
				F7C970A42BBF35E1006558FD /* SKLabelNode+Ext.swift in Sources */,
				F7C970A62BBF82AE006558FD /* AbilityNode.swift in Sources */,
				F7BE72CB2BA8FAB6005BDEDA /* Color+Ext.swift in Sources */,
				F7A908792BAB9697003E40AE /* EnemyNode.swift in Sources */,
				F7C970A22BBE6A0B006558FD /* ConfigService.swift in Sources */,
				F7BE72D02BA8FAB6005BDEDA /* String+Ext.swift in Sources */,
				F7A9087E2BABA2AC003E40AE /* GameController.swift in Sources */,
			);
			runOnlyForDeploymentPostprocessing = 0;
		};
/* End PBXSourcesBuildPhase section */

/* Begin XCBuildConfiguration section */
		F7BE729F2BA8F612005BDEDA /* Debug */ = {
			isa = XCBuildConfiguration;
			buildSettings = {
				ALWAYS_SEARCH_USER_PATHS = NO;
				ASSETCATALOG_COMPILER_GENERATE_SWIFT_ASSET_SYMBOL_EXTENSIONS = YES;
				CLANG_ANALYZER_NONNULL = YES;
				CLANG_ANALYZER_NUMBER_OBJECT_CONVERSION = YES_AGGRESSIVE;
				CLANG_CXX_LANGUAGE_STANDARD = "gnu++20";
				CLANG_ENABLE_MODULES = YES;
				CLANG_ENABLE_OBJC_ARC = YES;
				CLANG_ENABLE_OBJC_WEAK = YES;
				CLANG_WARN_BLOCK_CAPTURE_AUTORELEASING = YES;
				CLANG_WARN_BOOL_CONVERSION = YES;
				CLANG_WARN_COMMA = YES;
				CLANG_WARN_CONSTANT_CONVERSION = YES;
				CLANG_WARN_DEPRECATED_OBJC_IMPLEMENTATIONS = YES;
				CLANG_WARN_DIRECT_OBJC_ISA_USAGE = YES_ERROR;
				CLANG_WARN_DOCUMENTATION_COMMENTS = YES;
				CLANG_WARN_EMPTY_BODY = YES;
				CLANG_WARN_ENUM_CONVERSION = YES;
				CLANG_WARN_INFINITE_RECURSION = YES;
				CLANG_WARN_INT_CONVERSION = YES;
				CLANG_WARN_NON_LITERAL_NULL_CONVERSION = YES;
				CLANG_WARN_OBJC_IMPLICIT_RETAIN_SELF = YES;
				CLANG_WARN_OBJC_LITERAL_CONVERSION = YES;
				CLANG_WARN_OBJC_ROOT_CLASS = YES_ERROR;
				CLANG_WARN_QUOTED_INCLUDE_IN_FRAMEWORK_HEADER = YES;
				CLANG_WARN_RANGE_LOOP_ANALYSIS = YES;
				CLANG_WARN_STRICT_PROTOTYPES = YES;
				CLANG_WARN_SUSPICIOUS_MOVE = YES;
				CLANG_WARN_UNGUARDED_AVAILABILITY = YES_AGGRESSIVE;
				CLANG_WARN_UNREACHABLE_CODE = YES;
				CLANG_WARN__DUPLICATE_METHOD_MATCH = YES;
				COPY_PHASE_STRIP = NO;
				DEBUG_INFORMATION_FORMAT = dwarf;
				ENABLE_STRICT_OBJC_MSGSEND = YES;
				ENABLE_TESTABILITY = YES;
				ENABLE_USER_SCRIPT_SANDBOXING = YES;
				GCC_C_LANGUAGE_STANDARD = gnu17;
				GCC_DYNAMIC_NO_PIC = NO;
				GCC_NO_COMMON_BLOCKS = YES;
				GCC_OPTIMIZATION_LEVEL = 0;
				GCC_PREPROCESSOR_DEFINITIONS = (
					"DEBUG=1",
					"$(inherited)",
				);
				GCC_WARN_64_TO_32_BIT_CONVERSION = YES;
				GCC_WARN_ABOUT_RETURN_TYPE = YES_ERROR;
				GCC_WARN_UNDECLARED_SELECTOR = YES;
				GCC_WARN_UNINITIALIZED_AUTOS = YES_AGGRESSIVE;
				GCC_WARN_UNUSED_FUNCTION = YES;
				GCC_WARN_UNUSED_VARIABLE = YES;
				IPHONEOS_DEPLOYMENT_TARGET = 15.0;
				LOCALIZATION_PREFERS_STRING_CATALOGS = YES;
				MTL_ENABLE_DEBUG_INFO = INCLUDE_SOURCE;
				MTL_FAST_MATH = YES;
				ONLY_ACTIVE_ARCH = YES;
				SDKROOT = iphoneos;
				SWIFT_ACTIVE_COMPILATION_CONDITIONS = "DEBUG $(inherited)";
				SWIFT_OPTIMIZATION_LEVEL = "-Onone";
			};
			name = Debug;
		};
		F7BE72A02BA8F612005BDEDA /* Release */ = {
			isa = XCBuildConfiguration;
			buildSettings = {
				ALWAYS_SEARCH_USER_PATHS = NO;
				ASSETCATALOG_COMPILER_GENERATE_SWIFT_ASSET_SYMBOL_EXTENSIONS = YES;
				CLANG_ANALYZER_NONNULL = YES;
				CLANG_ANALYZER_NUMBER_OBJECT_CONVERSION = YES_AGGRESSIVE;
				CLANG_CXX_LANGUAGE_STANDARD = "gnu++20";
				CLANG_ENABLE_MODULES = YES;
				CLANG_ENABLE_OBJC_ARC = YES;
				CLANG_ENABLE_OBJC_WEAK = YES;
				CLANG_WARN_BLOCK_CAPTURE_AUTORELEASING = YES;
				CLANG_WARN_BOOL_CONVERSION = YES;
				CLANG_WARN_COMMA = YES;
				CLANG_WARN_CONSTANT_CONVERSION = YES;
				CLANG_WARN_DEPRECATED_OBJC_IMPLEMENTATIONS = YES;
				CLANG_WARN_DIRECT_OBJC_ISA_USAGE = YES_ERROR;
				CLANG_WARN_DOCUMENTATION_COMMENTS = YES;
				CLANG_WARN_EMPTY_BODY = YES;
				CLANG_WARN_ENUM_CONVERSION = YES;
				CLANG_WARN_INFINITE_RECURSION = YES;
				CLANG_WARN_INT_CONVERSION = YES;
				CLANG_WARN_NON_LITERAL_NULL_CONVERSION = YES;
				CLANG_WARN_OBJC_IMPLICIT_RETAIN_SELF = YES;
				CLANG_WARN_OBJC_LITERAL_CONVERSION = YES;
				CLANG_WARN_OBJC_ROOT_CLASS = YES_ERROR;
				CLANG_WARN_QUOTED_INCLUDE_IN_FRAMEWORK_HEADER = YES;
				CLANG_WARN_RANGE_LOOP_ANALYSIS = YES;
				CLANG_WARN_STRICT_PROTOTYPES = YES;
				CLANG_WARN_SUSPICIOUS_MOVE = YES;
				CLANG_WARN_UNGUARDED_AVAILABILITY = YES_AGGRESSIVE;
				CLANG_WARN_UNREACHABLE_CODE = YES;
				CLANG_WARN__DUPLICATE_METHOD_MATCH = YES;
				COPY_PHASE_STRIP = NO;
				DEBUG_INFORMATION_FORMAT = "dwarf-with-dsym";
				ENABLE_NS_ASSERTIONS = NO;
				ENABLE_STRICT_OBJC_MSGSEND = YES;
				ENABLE_USER_SCRIPT_SANDBOXING = YES;
				GCC_C_LANGUAGE_STANDARD = gnu17;
				GCC_NO_COMMON_BLOCKS = YES;
				GCC_WARN_64_TO_32_BIT_CONVERSION = YES;
				GCC_WARN_ABOUT_RETURN_TYPE = YES_ERROR;
				GCC_WARN_UNDECLARED_SELECTOR = YES;
				GCC_WARN_UNINITIALIZED_AUTOS = YES_AGGRESSIVE;
				GCC_WARN_UNUSED_FUNCTION = YES;
				GCC_WARN_UNUSED_VARIABLE = YES;
				IPHONEOS_DEPLOYMENT_TARGET = 15.0;
				LOCALIZATION_PREFERS_STRING_CATALOGS = YES;
				MTL_ENABLE_DEBUG_INFO = NO;
				MTL_FAST_MATH = YES;
				SDKROOT = iphoneos;
				SWIFT_COMPILATION_MODE = wholemodule;
				VALIDATE_PRODUCT = YES;
			};
			name = Release;
		};
		F7BE72A22BA8F612005BDEDA /* Debug */ = {
			isa = XCBuildConfiguration;
			baseConfigurationReference = 26405A0B80BB725D6FA69B36 /* Pods-taurus.debug.xcconfig */;
			buildSettings = {
				ASSETCATALOG_COMPILER_APPICON_NAME = AppIcon;
				ASSETCATALOG_COMPILER_GLOBAL_ACCENT_COLOR_NAME = AccentColor;
				CODE_SIGN_ENTITLEMENTS = taurus/taurus.entitlements;
				CODE_SIGN_STYLE = Automatic;
				CURRENT_PROJECT_VERSION = 57;
				DEBUG_INFORMATION_FORMAT = "dwarf-with-dsym";
				DEVELOPMENT_ASSET_PATHS = "\"taurus/Preview Content\"";
				DEVELOPMENT_TEAM = R9V648Y475;
				ENABLE_PREVIEWS = YES;
				ENABLE_USER_SCRIPT_SANDBOXING = NO;
				GENERATE_INFOPLIST_FILE = YES;
				INFOPLIST_FILE = taurus/Info.plist;
				INFOPLIST_KEY_CFBundleDisplayName = Squaaare;
				INFOPLIST_KEY_LSApplicationCategoryType = "public.app-category.arcade-games";
				INFOPLIST_KEY_NSUserTrackingUsageDescription = "Our app uses your data to improve your experience.";
				INFOPLIST_KEY_UIApplicationSceneManifest_Generation = YES;
				INFOPLIST_KEY_UIApplicationSupportsIndirectInputEvents = YES;
				INFOPLIST_KEY_UILaunchScreen_Generation = YES;
				INFOPLIST_KEY_UIRequiresFullScreen = NO;
				INFOPLIST_KEY_UIStatusBarStyle = UIStatusBarStyleDarkContent;
				INFOPLIST_KEY_UISupportedInterfaceOrientations = UIInterfaceOrientationPortrait;
				INFOPLIST_KEY_UISupportedInterfaceOrientations_iPad = "UIInterfaceOrientationLandscapeLeft UIInterfaceOrientationLandscapeRight UIInterfaceOrientationPortrait UIInterfaceOrientationPortraitUpsideDown";
				IPHONEOS_DEPLOYMENT_TARGET = 15.0;
				LD_RUNPATH_SEARCH_PATHS = (
					"$(inherited)",
					"@executable_path/Frameworks",
				);
				MARKETING_VERSION = 2.0.0;
				OTHER_LDFLAGS = "-ObjC";
				PRODUCT_BUNDLE_IDENTIFIER = com.berkspar.taurus;
				PRODUCT_NAME = "$(TARGET_NAME)";
				SUPPORTED_PLATFORMS = "iphoneos iphonesimulator";
				SUPPORTS_MACCATALYST = NO;
				SUPPORTS_MAC_DESIGNED_FOR_IPHONE_IPAD = NO;
				SUPPORTS_XR_DESIGNED_FOR_IPHONE_IPAD = NO;
				SWIFT_EMIT_LOC_STRINGS = YES;
				SWIFT_VERSION = 5.0;
				TARGETED_DEVICE_FAMILY = "1,2";
			};
			name = Debug;
		};
		F7BE72A32BA8F612005BDEDA /* Release */ = {
			isa = XCBuildConfiguration;
			baseConfigurationReference = 47984651FCAA189BD7F8E02D /* Pods-taurus.release.xcconfig */;
			buildSettings = {
				ASSETCATALOG_COMPILER_APPICON_NAME = AppIcon;
				ASSETCATALOG_COMPILER_GLOBAL_ACCENT_COLOR_NAME = AccentColor;
				CODE_SIGN_ENTITLEMENTS = taurus/taurus.entitlements;
				CODE_SIGN_STYLE = Automatic;
				CURRENT_PROJECT_VERSION = 57;
				DEVELOPMENT_ASSET_PATHS = "\"taurus/Preview Content\"";
				DEVELOPMENT_TEAM = R9V648Y475;
				ENABLE_PREVIEWS = YES;
				ENABLE_USER_SCRIPT_SANDBOXING = NO;
				GENERATE_INFOPLIST_FILE = YES;
				INFOPLIST_FILE = taurus/Info.plist;
				INFOPLIST_KEY_CFBundleDisplayName = Squaaare;
				INFOPLIST_KEY_LSApplicationCategoryType = "public.app-category.arcade-games";
				INFOPLIST_KEY_NSUserTrackingUsageDescription = "Our app uses your data to improve your experience.";
				INFOPLIST_KEY_UIApplicationSceneManifest_Generation = YES;
				INFOPLIST_KEY_UIApplicationSupportsIndirectInputEvents = YES;
				INFOPLIST_KEY_UILaunchScreen_Generation = YES;
				INFOPLIST_KEY_UIRequiresFullScreen = NO;
				INFOPLIST_KEY_UIStatusBarStyle = UIStatusBarStyleDarkContent;
				INFOPLIST_KEY_UISupportedInterfaceOrientations = UIInterfaceOrientationPortrait;
				INFOPLIST_KEY_UISupportedInterfaceOrientations_iPad = "UIInterfaceOrientationLandscapeLeft UIInterfaceOrientationLandscapeRight UIInterfaceOrientationPortrait UIInterfaceOrientationPortraitUpsideDown";
				IPHONEOS_DEPLOYMENT_TARGET = 15.0;
				LD_RUNPATH_SEARCH_PATHS = (
					"$(inherited)",
					"@executable_path/Frameworks",
				);
				MARKETING_VERSION = 2.0.0;
				OTHER_LDFLAGS = "-ObjC";
				PRODUCT_BUNDLE_IDENTIFIER = com.berkspar.taurus;
				PRODUCT_NAME = "$(TARGET_NAME)";
				SUPPORTED_PLATFORMS = "iphoneos iphonesimulator";
				SUPPORTS_MACCATALYST = NO;
				SUPPORTS_MAC_DESIGNED_FOR_IPHONE_IPAD = NO;
				SUPPORTS_XR_DESIGNED_FOR_IPHONE_IPAD = NO;
				SWIFT_EMIT_LOC_STRINGS = YES;
				SWIFT_VERSION = 5.0;
				TARGETED_DEVICE_FAMILY = "1,2";
			};
			name = Release;
		};
/* End XCBuildConfiguration section */

/* Begin XCConfigurationList section */
		F7BE728E2BA8F611005BDEDA /* Build configuration list for PBXProject "taurus" */ = {
			isa = XCConfigurationList;
			buildConfigurations = (
				F7BE729F2BA8F612005BDEDA /* Debug */,
				F7BE72A02BA8F612005BDEDA /* Release */,
			);
			defaultConfigurationIsVisible = 0;
			defaultConfigurationName = Release;
		};
		F7BE72A12BA8F612005BDEDA /* Build configuration list for PBXNativeTarget "taurus" */ = {
			isa = XCConfigurationList;
			buildConfigurations = (
				F7BE72A22BA8F612005BDEDA /* Debug */,
				F7BE72A32BA8F612005BDEDA /* Release */,
			);
			defaultConfigurationIsVisible = 0;
			defaultConfigurationName = Release;
		};
/* End XCConfigurationList section */

/* Begin XCRemoteSwiftPackageReference section */
		C06D138B2BC47C6C00506A9B /* XCRemoteSwiftPackageReference "facebook-ios-sdk" */ = {
			isa = XCRemoteSwiftPackageReference;
			repositoryURL = "https://github.com/facebook/facebook-ios-sdk";
			requirement = {
				kind = upToNextMajorVersion;
				minimumVersion = 17.0.0;
			};
		};
		F75A462D2BE17D55008DCA4D /* XCRemoteSwiftPackageReference "ios_sdk" */ = {
			isa = XCRemoteSwiftPackageReference;
			repositoryURL = "https://github.com/adjust/ios_sdk";
			requirement = {
				branch = master;
				kind = branch;
			};
		};
		F7A908B72BB26BE4003E40AE /* XCRemoteSwiftPackageReference "firebase-ios-sdk" */ = {
			isa = XCRemoteSwiftPackageReference;
			repositoryURL = "https://github.com/firebase/firebase-ios-sdk";
			requirement = {
				kind = upToNextMajorVersion;
				minimumVersion = 10.23.0;
			};
		};
		F7A908D52BB5F19E003E40AE /* XCRemoteSwiftPackageReference "swift-package-manager-google-mobile-ads" */ = {
			isa = XCRemoteSwiftPackageReference;
			repositoryURL = "https://github.com/googleads/swift-package-manager-google-mobile-ads.git";
			requirement = {
				kind = upToNextMajorVersion;
				minimumVersion = 11.2.0;
			};
		};
/* End XCRemoteSwiftPackageReference section */

/* Begin XCSwiftPackageProductDependency section */
		C06D13812BC47BFE00506A9B /* FirebaseAnalytics */ = {
			isa = XCSwiftPackageProductDependency;
			productName = FirebaseAnalytics;
		};
		C06D13832BC47BFE00506A9B /* FirebaseAnalyticsOnDeviceConversion */ = {
			isa = XCSwiftPackageProductDependency;
			productName = FirebaseAnalyticsOnDeviceConversion;
		};
		C06D13852BC47BFE00506A9B /* FirebaseAnalyticsSwift */ = {
			isa = XCSwiftPackageProductDependency;
			productName = FirebaseAnalyticsSwift;
		};
		C06D13872BC47BFE00506A9B /* FirebaseAnalyticsWithoutAdIdSupport */ = {
			isa = XCSwiftPackageProductDependency;
			productName = FirebaseAnalyticsWithoutAdIdSupport;
		};
		C06D13892BC47BFE00506A9B /* FirebaseAppCheck */ = {
			isa = XCSwiftPackageProductDependency;
			productName = FirebaseAppCheck;
		};
		C06D138C2BC47C6C00506A9B /* FacebookCore */ = {
			isa = XCSwiftPackageProductDependency;
			package = C06D138B2BC47C6C00506A9B /* XCRemoteSwiftPackageReference "facebook-ios-sdk" */;
			productName = FacebookCore;
		};
		F75A462E2BE17D55008DCA4D /* Adjust */ = {
			isa = XCSwiftPackageProductDependency;
			package = F75A462D2BE17D55008DCA4D /* XCRemoteSwiftPackageReference "ios_sdk" */;
			productName = Adjust;
		};
		F75A46302BE17D55008DCA4D /* Criteo */ = {
			isa = XCSwiftPackageProductDependency;
			package = F75A462D2BE17D55008DCA4D /* XCRemoteSwiftPackageReference "ios_sdk" */;
			productName = Criteo;
		};
		F75A46322BE17D55008DCA4D /* Sociomantic */ = {
			isa = XCSwiftPackageProductDependency;
			package = F75A462D2BE17D55008DCA4D /* XCRemoteSwiftPackageReference "ios_sdk" */;
			productName = Sociomantic;
		};
		F75A46342BE17D55008DCA4D /* Trademob */ = {
			isa = XCSwiftPackageProductDependency;
			package = F75A462D2BE17D55008DCA4D /* XCRemoteSwiftPackageReference "ios_sdk" */;
			productName = Trademob;
		};
		F75A46362BE17D55008DCA4D /* WebBridge */ = {
			isa = XCSwiftPackageProductDependency;
			package = F75A462D2BE17D55008DCA4D /* XCRemoteSwiftPackageReference "ios_sdk" */;
			productName = WebBridge;
		};
		F7A908B82BB26BE4003E40AE /* FirebaseAnalytics */ = {
			isa = XCSwiftPackageProductDependency;
			package = F7A908B72BB26BE4003E40AE /* XCRemoteSwiftPackageReference "firebase-ios-sdk" */;
			productName = FirebaseAnalytics;
		};
		F7A908BA2BB26BE4003E40AE /* FirebaseAnalyticsSwift */ = {
			isa = XCSwiftPackageProductDependency;
			package = F7A908B72BB26BE4003E40AE /* XCRemoteSwiftPackageReference "firebase-ios-sdk" */;
			productName = FirebaseAnalyticsSwift;
		};
		F7A908BC2BB26BE4003E40AE /* FirebaseAppDistribution-Beta */ = {
			isa = XCSwiftPackageProductDependency;
			package = F7A908B72BB26BE4003E40AE /* XCRemoteSwiftPackageReference "firebase-ios-sdk" */;
			productName = "FirebaseAppDistribution-Beta";
		};
		F7A908BE2BB26BE4003E40AE /* FirebaseCrashlytics */ = {
			isa = XCSwiftPackageProductDependency;
			package = F7A908B72BB26BE4003E40AE /* XCRemoteSwiftPackageReference "firebase-ios-sdk" */;
			productName = FirebaseCrashlytics;
		};
		F7A908C02BB26BE4003E40AE /* FirebaseDynamicLinks */ = {
			isa = XCSwiftPackageProductDependency;
			package = F7A908B72BB26BE4003E40AE /* XCRemoteSwiftPackageReference "firebase-ios-sdk" */;
			productName = FirebaseDynamicLinks;
		};
		F7A908C22BB26BE4003E40AE /* FirebaseInstallations */ = {
			isa = XCSwiftPackageProductDependency;
			package = F7A908B72BB26BE4003E40AE /* XCRemoteSwiftPackageReference "firebase-ios-sdk" */;
			productName = FirebaseInstallations;
		};
		F7A908C42BB26BE4003E40AE /* FirebaseMessaging */ = {
			isa = XCSwiftPackageProductDependency;
			package = F7A908B72BB26BE4003E40AE /* XCRemoteSwiftPackageReference "firebase-ios-sdk" */;
			productName = FirebaseMessaging;
		};
		F7A908C62BB26BE4003E40AE /* FirebasePerformance */ = {
			isa = XCSwiftPackageProductDependency;
			package = F7A908B72BB26BE4003E40AE /* XCRemoteSwiftPackageReference "firebase-ios-sdk" */;
			productName = FirebasePerformance;
		};
		F7A908C82BB26BE4003E40AE /* FirebaseRemoteConfig */ = {
			isa = XCSwiftPackageProductDependency;
			package = F7A908B72BB26BE4003E40AE /* XCRemoteSwiftPackageReference "firebase-ios-sdk" */;
			productName = FirebaseRemoteConfig;
		};
		F7A908CA2BB26BE4003E40AE /* FirebaseRemoteConfigSwift */ = {
			isa = XCSwiftPackageProductDependency;
			package = F7A908B72BB26BE4003E40AE /* XCRemoteSwiftPackageReference "firebase-ios-sdk" */;
			productName = FirebaseRemoteConfigSwift;
		};
		F7A908D62BB5F19E003E40AE /* GoogleMobileAds */ = {
			isa = XCSwiftPackageProductDependency;
			package = F7A908D52BB5F19E003E40AE /* XCRemoteSwiftPackageReference "swift-package-manager-google-mobile-ads" */;
			productName = GoogleMobileAds;
		};
		F7A908DE2BBC7D6B003E40AE /* FirebaseAuth */ = {
			isa = XCSwiftPackageProductDependency;
			package = F7A908B72BB26BE4003E40AE /* XCRemoteSwiftPackageReference "firebase-ios-sdk" */;
			productName = FirebaseAuth;
		};
		F7C476892BD98C2B009EC0A2 /* FirebaseFirestore */ = {
			isa = XCSwiftPackageProductDependency;
			package = F7A908B72BB26BE4003E40AE /* XCRemoteSwiftPackageReference "firebase-ios-sdk" */;
			productName = FirebaseFirestore;
		};
/* End XCSwiftPackageProductDependency section */
	};
	rootObject = F7BE728B2BA8F611005BDEDA /* Project object */;
}
